
Microsoft Visual Studio Solution File, Format Version 12.00
# Visual Studio Version 17
VisualStudioVersion = 17.6.33829.357
MinimumVisualStudioVersion = 10.0.40219.1
Project("{FAE04EC0-301F-11D3-BF4B-00C04F79EFBC}") = "SistemaPacientes", "SistemaPacientes\SistemaPacientes.csproj", "{93C6B154-D772-4349-88D4-5BCBE939A361}"
EndProject
Global
	GlobalSection(SolutionConfigurationPlatforms) = preSolution
		Debug|Any CPU = Debug|Any CPU
		Release|Any CPU = Release|Any CPU
	EndGlobalSection
	GlobalSection(ProjectConfigurationPlatforms) = postSolution
		{93C6B154-D772-4349-88D4-5BCBE939A361}.Debug|Any CPU.ActiveCfg = Debug|Any CPU
		{93C6B154-D772-4349-88D4-5BCBE939A361}.Debug|Any CPU.Build.0 = Debug|Any CPU
		{93C6B154-D772-4349-88D4-5BCBE939A361}.Release|Any CPU.ActiveCfg = Release|Any CPU
		{93C6B154-D772-4349-88D4-5BCBE939A361}.Release|Any CPU.Build.0 = Release|Any CPU
	EndGlobalSection
	GlobalSection(SolutionProperties) = preSolution
		HideSolutionNode = FALSE
	EndGlobalSection
	GlobalSection(ExtensibilityGlobals) = postSolution
		SolutionGuid = {848E8717-B865-450B-BB53-7F1D9C03D2D6}
	EndGlobalSection
EndGlobal
